
Microsoft Visual Studio Solution File, Format Version 12.00
# Visual Studio Version 16
VisualStudioVersion = 16.0.30114.105
MinimumVisualStudioVersion = 10.0.40219.1
Project("{FAE04EC0-301F-11D3-BF4B-00C04F79EFBC}") = "WindowsFormsDotNetCore", "WindowsFormsDotNetCore.csproj", "{2AD1A04E-410F-4CD8-BDE6-4FBC4EFA33DE}"
EndProject
Global
	GlobalSection(SolutionConfigurationPlatforms) = preSolution
		Debug|Any CPU = Debug|Any CPU
		Release|Any CPU = Release|Any CPU
	EndGlobalSection
	GlobalSection(ProjectConfigurationPlatforms) = postSolution
		{2AD1A04E-410F-4CD8-BDE6-4FBC4EFA33DE}.Debug|Any CPU.ActiveCfg = Debug|Any CPU
		{2AD1A04E-410F-4CD8-BDE6-4FBC4EFA33DE}.Debug|Any CPU.Build.0 = Debug|Any CPU
		{2AD1A04E-410F-4CD8-BDE6-4FBC4EFA33DE}.Release|Any CPU.ActiveCfg = Release|Any CPU
		{2AD1A04E-410F-4CD8-BDE6-4FBC4EFA33DE}.Release|Any CPU.Build.0 = Release|Any CPU
	EndGlobalSection
	GlobalSection(SolutionProperties) = preSolution
		HideSolutionNode = FALSE
	EndGlobalSection
	GlobalSection(ExtensibilityGlobals) = postSolution
		SolutionGuid = {281DDAC0-06F6-4A7F-B502-9BD5805C8BCC}
	EndGlobalSection
EndGlobal
